{
  "name": "bar",
  "version": "1.0.0",
  "lockfileVersion": 2,
  "requires": true,
  "packages": {
    "": {
      "name": "bar",
      "version": "1.0.0",
      "license": "ISC",
      "dependencies": {
        "lambda-log": "^3.0.2"
      }
    },
    "node_modules/fast-safe-stringify": {
      "version": "2.1.1",
      "resolved": "https://registry.npmjs.org/fast-safe-stringify/-/fast-safe-stringify-2.1.1.tgz",
      "integrity": "sha512-W+KJc2dmILlPplD/H4K9l9LcAHAfPtP6BY84uVLXQ6Evcz9Lcg33Y2z1IVblT6xdY54PXYVHEv+0Wpq8Io6zkA=="
    },
    "node_modules/lambda-log": {
      "version": "3.0.2",
      "resolved": "https://registry.npmjs.org/lambda-log/-/lambda-log-3.0.2.tgz",
      "integrity": "sha512-AqVmrutFiH5Mq7dHZBw0uYybOX68/ioisi7juDwEWh+UhBeEe6fXz1DPSIUeNuMre71fKZLPFaT61JUzhzPR2w==",
      "dependencies": {
        "fast-safe-stringify": "^2.0.6"
      },
      "engines": {
        "node": ">= 10.0.0"
      }
    }
  },
  "dependencies": {
    "fast-safe-stringify": {
      "version": "2.1.1",
      "resolved": "https://registry.npmjs.org/fast-safe-stringify/-/fast-safe-stringify-2.1.1.tgz",
      "integrity": "sha512-W+KJc2dmILlPplD/H4K9l9LcAHAfPtP6BY84uVLXQ6Evcz9Lcg33Y2z1IVblT6xdY54PXYVHEv+0Wpq8Io6zkA=="
    },
    "lambda-log": {
      "version": "3.0.2",
      "resolved": "https://registry.npmjs.org/lambda-log/-/lambda-log-3.0.2.tgz",
      "integrity": "sha512-AqVmrutFiH5Mq7dHZBw0uYybOX68/ioisi7juDwEWh+UhBeEe6fXz1DPSIUeNuMre71fKZLPFaT61JUzhzPR2w==",
      "requires": {
        "fast-safe-stringify": "^2.0.6"
      }
    }
  }
}
